{"filter":false,"title":"Gemfile.lock","tooltip":"/mi_app/Gemfile.lock","undoManager":{"mark":-1,"position":-1,"stack":[]},"ace":{"folds":[],"scrolltop":2015,"scrollleft":0,"selection":{"start":{"row":0,"column":0},"end":{"row":0,"column":0},"isBackwards":false},"options":{"guessTabSize":true,"useWrapMode":false,"wrapToView":true},"firstLineState":{"row":142,"state":"start","mode":"ace/mode/text"}},"timestamp":1448327252203,"hash":"80babd61d0cb1f992b1ed37f890513ef331ffc30"}